
Microsoft Visual Studio Solution File, Format Version 12.00
# Visual Studio Version 17
VisualStudioVersion = 17.0.31521.260
MinimumVisualStudioVersion = 10.0.40219.1
Project("{FAE04EC0-301F-11D3-BF4B-00C04F79EFBC}") = "CSharpAlgorithms", "CSharpAlgorithms\CSharpAlgorithms.csproj", "{D277FF75-67E6-46C8-928C-9F3826FDEC43}"
EndProject
Project("{FAE04EC0-301F-11D3-BF4B-00C04F79EFBC}") = "Examples", "Examples\Examples.csproj", "{E71449EC-C496-4AC0-871E-2340218D807F}"
EndProject
Global
	GlobalSection(SolutionConfigurationPlatforms) = preSolution
		Debug|Any CPU = Debug|Any CPU
		Release|Any CPU = Release|Any CPU
	EndGlobalSection
	GlobalSection(ProjectConfigurationPlatforms) = postSolution
		{D277FF75-67E6-46C8-928C-9F3826FDEC43}.Debug|Any CPU.ActiveCfg = Debug|Any CPU
		{D277FF75-67E6-46C8-928C-9F3826FDEC43}.Debug|Any CPU.Build.0 = Debug|Any CPU
		{D277FF75-67E6-46C8-928C-9F3826FDEC43}.Release|Any CPU.ActiveCfg = Release|Any CPU
		{D277FF75-67E6-46C8-928C-9F3826FDEC43}.Release|Any CPU.Build.0 = Release|Any CPU
		{E71449EC-C496-4AC0-871E-2340218D807F}.Debug|Any CPU.ActiveCfg = Debug|Any CPU
		{E71449EC-C496-4AC0-871E-2340218D807F}.Debug|Any CPU.Build.0 = Debug|Any CPU
		{E71449EC-C496-4AC0-871E-2340218D807F}.Release|Any CPU.ActiveCfg = Release|Any CPU
		{E71449EC-C496-4AC0-871E-2340218D807F}.Release|Any CPU.Build.0 = Release|Any CPU
	EndGlobalSection
	GlobalSection(SolutionProperties) = preSolution
		HideSolutionNode = FALSE
	EndGlobalSection
	GlobalSection(ExtensibilityGlobals) = postSolution
		SolutionGuid = {B2E1585C-F084-4FE4-82B3-6AFAD0E8A572}
	EndGlobalSection
EndGlobal
